
Microsoft Visual Studio Solution File, Format Version 12.00
# Visual Studio Version 17
VisualStudioVersion = 17.0.31903.59
MinimumVisualStudioVersion = 10.0.40219.1
Project("{FAE04EC0-301F-11D3-BF4B-00C04F79EFBC}") = "BoardGameTracker.Host", "BoardGameTracker.Host\BoardGameTracker.Host.csproj", "{E0CBF377-CD1F-4BD0-9967-A79AC39F228C}"
EndProject
Project("{FAE04EC0-301F-11D3-BF4B-00C04F79EFBC}") = "BoardGameTracker.Api", "BoardGameTracker.Api\BoardGameTracker.Api.csproj", "{618A1F19-A40C-4220-B840-3985276D5783}"
EndProject
Project("{FAE04EC0-301F-11D3-BF4B-00C04F79EFBC}") = "BoardGameTracker.Common", "BoardGameTracker.Common\BoardGameTracker.Common.csproj", "{FF7A2EE7-C88E-4DE2-9F76-644069D8AFB2}"
EndProject
Project("{FAE04EC0-301F-11D3-BF4B-00C04F79EFBC}") = "BoardGameTracker.Core", "BoardGameTracker.Core\BoardGameTracker.Core.csproj", "{6863E117-4901-441B-87E9-534FF1AF2E23}"
EndProject
Global
	GlobalSection(SolutionConfigurationPlatforms) = preSolution
		Debug|Any CPU = Debug|Any CPU
		Release|Any CPU = Release|Any CPU
	EndGlobalSection
	GlobalSection(SolutionProperties) = preSolution
		HideSolutionNode = FALSE
	EndGlobalSection
	GlobalSection(ProjectConfigurationPlatforms) = postSolution
		{E0CBF377-CD1F-4BD0-9967-A79AC39F228C}.Debug|Any CPU.ActiveCfg = Debug|Any CPU
		{E0CBF377-CD1F-4BD0-9967-A79AC39F228C}.Debug|Any CPU.Build.0 = Debug|Any CPU
		{E0CBF377-CD1F-4BD0-9967-A79AC39F228C}.Release|Any CPU.ActiveCfg = Release|Any CPU
		{E0CBF377-CD1F-4BD0-9967-A79AC39F228C}.Release|Any CPU.Build.0 = Release|Any CPU
		{618A1F19-A40C-4220-B840-3985276D5783}.Debug|Any CPU.ActiveCfg = Debug|Any CPU
		{618A1F19-A40C-4220-B840-3985276D5783}.Debug|Any CPU.Build.0 = Debug|Any CPU
		{618A1F19-A40C-4220-B840-3985276D5783}.Release|Any CPU.ActiveCfg = Release|Any CPU
		{618A1F19-A40C-4220-B840-3985276D5783}.Release|Any CPU.Build.0 = Release|Any CPU
		{FF7A2EE7-C88E-4DE2-9F76-644069D8AFB2}.Debug|Any CPU.ActiveCfg = Debug|Any CPU
		{FF7A2EE7-C88E-4DE2-9F76-644069D8AFB2}.Debug|Any CPU.Build.0 = Debug|Any CPU
		{FF7A2EE7-C88E-4DE2-9F76-644069D8AFB2}.Release|Any CPU.ActiveCfg = Release|Any CPU
		{FF7A2EE7-C88E-4DE2-9F76-644069D8AFB2}.Release|Any CPU.Build.0 = Release|Any CPU
		{6863E117-4901-441B-87E9-534FF1AF2E23}.Debug|Any CPU.ActiveCfg = Debug|Any CPU
		{6863E117-4901-441B-87E9-534FF1AF2E23}.Debug|Any CPU.Build.0 = Debug|Any CPU
		{6863E117-4901-441B-87E9-534FF1AF2E23}.Release|Any CPU.ActiveCfg = Release|Any CPU
		{6863E117-4901-441B-87E9-534FF1AF2E23}.Release|Any CPU.Build.0 = Release|Any CPU
	EndGlobalSection
EndGlobal
