{
  "version": 2,
  "dependencies": {
    "net10.0": {
      "BouncyCastle.Cryptography": {
        "type": "Transitive",
        "resolved": "2.6.2",
        "contentHash": "7oWOcvnntmMKNzDLsdxAYqApt+AjpRpP2CShjMfIa3umZ42UQMvH0tl1qAliYPNYO6vTdcGMqnRrCPmsfzTI1w=="
      },
      "Microsoft.AspNetCore.Cryptography.Internal": {
        "type": "Transitive",
        "resolved": "10.0.12",
        "contentHash": "6i8dT0QU94k6fPkxDAvOUETum2INkULnO60bHAUQU74S+FAq69IU/78HPsnfSV214nivwJuNuJf9R4cPd9K8Rg=="
      },
      "Microsoft.AspNetCore.Cryptography.KeyDerivation": {
        "type": "Transitive",
        "resolved": "10.0.12",
        "contentHash": "nlzGX5486fMAHH9nIoIQd6bFg1rITB+oks/Sm3E/J+906Gs3fWYcz0OG/7a6inuOuTNOrwpPjt0HFjgQS6L8nA==",
        "dependencies": {
          "Microsoft.AspNetCore.Cryptography.Internal": "10.0.12"
        }
      },
      "Microsoft.AspNetCore.DataProtection": {
        "type": "Transitive",
        "resolved": "10.0.12",
        "contentHash": "xafwaJhwtDiwlXvaW66eo5/fQ6hBVfO5dnE0EpOjKCrkwZB+LUyVSJ4k+XhH2+Yc8dl3TN7LzvHiYlJ3aub1Jw==",
        "dependencies": {
          "Microsoft.AspNetCore.Cryptography.Internal": "10.0.12",
          "Microsoft.AspNetCore.DataProtection.Abstractions": "10.0.12",
          "Microsoft.Extensions.DependencyInjection.Abstractions": "10.0.12",
          "Microsoft.Extensions.Hosting.Abstractions": "10.0.12",
          "Microsoft.Extensions.Logging.Abstractions": "10.0.12",
          "Microsoft.Extensions.Options": "10.0.12",
          "System.Security.Cryptography.Xml": "10.0.12"
        }
      },
      "Microsoft.AspNetCore.DataProtection.Abstractions": {
        "type": "Transitive",
        "resolved": "10.0.12",
        "contentHash": "r9Rcg9xjKrTmYYHLqb7Ur64xkP8LzR+0EkxkKHqNIjGHFMgr/AuXxNuGXxZd2ScjPjwXM+VxfGfG7DPnYibkfw=="
      },
      "Microsoft.Bcl.Cryptography": {
        "type": "Transitive",
        "resolved": "10.0.2",
        "contentHash": "LG9Yll3B5aNpxv0+D47g6LiOiKBIlodhcHdQwcYzo8VeexFLGqx5ymetmA2aBRyo9cCcWsQWrFsdbsr8LvmWDw=="
      },
      "Microsoft.EntityFrameworkCore.Abstractions": {
        "type": "Transitive",
        "resolved": "10.0.12",
        "contentHash": "kDrux7T6C3V/YYYe2LXr7x6AEsVyq5Y2YoTE9er1SwbDtap3z1g8RgxNh5eKQVyB4T+DKvBBJ4Ezd/VZzJQJZg=="
      },
      "Microsoft.EntityFrameworkCore.Analyzers": {
        "type": "Transitive",
        "resolved": "10.0.12",
        "contentHash": "Kd4o2oO1A6dfKxjz5LS16QyLtpCFTUiFWwmBABETAXRsSImBdRdWeKjSgbbRhAMiV3a3/nWr95ZtzClT4uaADQ=="
      },
      "Microsoft.EntityFrameworkCore.Relational": {
        "type": "Transitive",
        "resolved": "10.0.12",
        "contentHash": "OiHmr8XzX96dbgMsYGe8qoqg4KxibdZG2r0QUVJBGktFInOp8IrABe8jvcbo5hrqeWfbwpK7fCEBiEPbY/ik4A==",
        "dependencies": {
          "Microsoft.EntityFrameworkCore": "10.0.12",
          "Microsoft.Extensions.Caching.Memory": "10.0.12",
          "Microsoft.Extensions.Configuration.Abstractions": "10.0.12",
          "Microsoft.Extensions.Logging": "10.0.12"
        }
      },
      "Microsoft.Extensions.AI.Abstractions": {
        "type": "Transitive",
        "resolved": "10.10.0",
        "contentHash": "frBHj2ckpevA+KdDLikxv8oxGPrJiyTvaiblYp+vtVEt0q6J73XP5m2SICm86nFK6rl+L1GCKxIy4S5Lb3p2kQ=="
      },
      "Microsoft.Extensions.Caching.Abstractions": {
        "type": "Transitive",
        "resolved": "10.0.12",
        "contentHash": "sI3A6MUAyZwccLnwq0cXuRmC3WBtXieimBWafXSfhRJ4jnM2uGVXrqImDDVyW27u4vVaTOGlJxNJd8d1FGvCNQ==",
        "dependencies": {
          "Microsoft.Extensions.Primitives": "10.0.12"
        }
      },
      "Microsoft.Extensions.Caching.Memory": {
        "type": "Transitive",
        "resolved": "10.0.12",
        "contentHash": "fhC3DHcBcFF4bXvHIxFtXJYNut7q7ZItqNFcgWfrIgmpVImlcEKNHhE7ztpNSPJYMHYYStS5QGND2I5mC26yeA==",
        "dependencies": {
          "Microsoft.Extensions.Caching.Abstractions": "10.0.12",
          "Microsoft.Extensions.DependencyInjection.Abstractions": "10.0.12",
          "Microsoft.Extensions.Logging.Abstractions": "10.0.12",
          "Microsoft.Extensions.Options": "10.0.12",
          "Microsoft.Extensions.Primitives": "10.0.12"
        }
      },
      "Microsoft.Extensions.Configuration": {
        "type": "Transitive",
        "resolved": "10.0.12",
        "contentHash": "e3IPP32CRNL031VZJAUTlCTG0YN7WFh4mN3fsSHTDQCJB+3+f0jGycv4fXk3rrftaY3B85XrQaj7sRthrOsavg==",
        "dependencies": {
          "Microsoft.Extensions.Configuration.Abstractions": "10.0.12",
          "Microsoft.Extensions.Primitives": "10.0.12"
        }
      },
      "Microsoft.Extensions.Configuration.Abstractions": {
        "type": "Transitive",
        "resolved": "10.0.12",
        "contentHash": "8xaGcvS/qZ1otoxPQCEJkNva389CVL/plNcvIETZhQTETYdRkYDPEYhUMoAGONo4FU45ufdfE0j29AfWVVj0wA==",
        "dependencies": {
          "Microsoft.Extensions.Primitives": "10.0.12"
        }
      },
      "Microsoft.Extensions.Configuration.Binder": {
        "type": "Transitive",
        "resolved": "10.0.12",
        "contentHash": "dAgIf1TOr8KLs+aBRIbXUZBjHoSH4rDG8+XkX/Q6AZwkQdMA0+yPDKTHsieeXdZDfpOpZVHzOnuAb5Z2nX3KsA==",
        "dependencies": {
          "Microsoft.Extensions.Configuration": "10.0.12",
          "Microsoft.Extensions.Configuration.Abstractions": "10.0.12"
        }
      },
      "Microsoft.Extensions.DependencyInjection": {
        "type": "Transitive",
        "resolved": "10.0.12",
        "contentHash": "lXyK2O5GoYvfxW8eCFcD16JFbcoSTM1sJkAM0UHS1jZyl9NYMW64Tqm6OQFT0IDBjZi+xHt95/Zg+nxZhGFhZg==",
        "dependencies": {
          "Microsoft.Extensions.DependencyInjection.Abstractions": "10.0.12"
        }
      },
      "Microsoft.Extensions.DependencyInjection.Abstractions": {
        "type": "Transitive",
        "resolved": "10.0.12",
        "contentHash": "9/qymSh7hVDMGTGwrLz8MRp5zRyXy9adGDOs4HwRdnLil3oZGYuWeZjbmHgCQ9BL1qBroVfgUK3U/nb61617Cw=="
      },
      "Microsoft.Extensions.DependencyModel": {
        "type": "Transitive",
        "resolved": "10.0.0",
        "contentHash": "RFYJR7APio/BiqdQunRq6DB+nDB6nc2qhHr77mlvZ0q0BT8PubMXN7XicmfzCbrDE/dzhBnUKBRXLTcqUiZDGg=="
      },
      "Microsoft.Extensions.Diagnostics": {
        "type": "Transitive",
        "resolved": "10.0.12",
        "contentHash": "amx0O/R4dReqKlC3T740+CHpX8D8tAIV0f5kAPfFi4XK9jYo9BSepGt9/rWfvvCoSMaZ1+XvnqPp/Vv2fmTdAg==",
        "dependencies": {
          "Microsoft.Extensions.Configuration": "10.0.12",
          "Microsoft.Extensions.Diagnostics.Abstractions": "10.0.12",
          "Microsoft.Extensions.Options.ConfigurationExtensions": "10.0.12"
        }
      },
      "Microsoft.Extensions.Diagnostics.Abstractions": {
        "type": "Transitive",
        "resolved": "10.0.12",
        "contentHash": "fMp91qlRlMOuHfMyp7LuAnOS+MOeWTF1obJmyFcs4nZCXu6pr+QB1AbFJcl2qpBltBrqF/Y7+Rn9IuNcSuctig==",
        "dependencies": {
          "Microsoft.Extensions.DependencyInjection.Abstractions": "10.0.12",
          "Microsoft.Extensions.Options": "10.0.12"
        }
      },
      "Microsoft.Extensions.FileProviders.Abstractions": {
        "type": "Transitive",
        "resolved": "10.0.12",
        "contentHash": "iQseV6HixWzEYQH4i++84ToIroXnM5jC1TJF4EqBz3lWNG1HBTMYDLkRb6Wm3wk5V6WqSfl7NukO/LYsloGyfg==",
        "dependencies": {
          "Microsoft.Extensions.Primitives": "10.0.12"
        }
      },
      "Microsoft.Extensions.Hosting.Abstractions": {
        "type": "Transitive",
        "resolved": "10.0.12",
        "contentHash": "ZlIxIJtWmrph0Ikj0svSaTkZ+d+ZYpTAhazpf1b3aoFRmlNnNWwkcvqnqT9yKHjKvfBRthvUrkq11OxfItOhpg==",
        "dependencies": {
          "Microsoft.Extensions.Configuration.Abstractions": "10.0.12",
          "Microsoft.Extensions.DependencyInjection.Abstractions": "10.0.12",
          "Microsoft.Extensions.Diagnostics.Abstractions": "10.0.12",
          "Microsoft.Extensions.FileProviders.Abstractions": "10.0.12",
          "Microsoft.Extensions.Logging.Abstractions": "10.0.12"
        }
      },
      "Microsoft.Extensions.Http": {
        "type": "Transitive",
        "resolved": "10.0.0",
        "contentHash": "r+mSvm/Ryc/iYcc9zcUG5VP9EBB8PL1rgVU6macEaYk45vmGRk9PntM3aynFKN6s3Q4WW36kedTycIctctpTUQ==",
        "dependencies": {
          "Microsoft.Extensions.Configuration.Abstractions": "10.0.0",
          "Microsoft.Extensions.DependencyInjection.Abstractions": "10.0.0",
          "Microsoft.Extensions.Diagnostics": "10.0.0",
          "Microsoft.Extensions.Logging": "10.0.0",
          "Microsoft.Extensions.Logging.Abstractions": "10.0.0",
          "Microsoft.Extensions.Options": "10.0.0"
        }
      },
      "Microsoft.Extensions.Identity.Core": {
        "type": "Transitive",
        "resolved": "10.0.12",
        "contentHash": "LSAF4Wss2uRbS88TsmyyKw00NThc78RIJ6Y1FIU+Hmo7KOPxyBVg9nvFXErrm9vTFWdIIiLX16fmjM1lfdXCTw==",
        "dependencies": {
          "Microsoft.AspNetCore.Cryptography.KeyDerivation": "10.0.12",
          "Microsoft.Extensions.Diagnostics": "10.0.12",
          "Microsoft.Extensions.Logging": "10.0.12",
          "Microsoft.Extensions.Options": "10.0.12"
        }
      },
      "Microsoft.Extensions.Logging": {
        "type": "Transitive",
        "resolved": "10.0.12",
        "contentHash": "6I46fTPfgYkrjRYfRXbho9WOvOelTnNjWuZws/hzGHDASH1LEJeA4VKK9k3wJvido8o7jJSB5WkMTonX7HM1bA==",
        "dependencies": {
          "Microsoft.Extensions.DependencyInjection": "10.0.12",
          "Microsoft.Extensions.Logging.Abstractions": "10.0.12",
          "Microsoft.Extensions.Options": "10.0.12"
        }
      },
      "Microsoft.Extensions.Logging.Abstractions": {
        "type": "Transitive",
        "resolved": "10.0.12",
        "contentHash": "+24lC4plfbEDNfLAdTV/SWKS7dW+16X4HdydO3R++134kSNTzcbYA4KpR1Hdh6uWisB8Za3AzwyOn+K+NxWIug==",
        "dependencies": {
          "Microsoft.Extensions.DependencyInjection.Abstractions": "10.0.12"
        }
      },
      "Microsoft.Extensions.Logging.Configuration": {
        "type": "Transitive",
        "resolved": "10.0.0",
        "contentHash": "j8zcwhS6bYB6FEfaY3nYSgHdpiL2T+/V3xjpHtslVAegyI1JUbB9yAt/BFdvZdsNbY0Udm4xFtvfT/hUwcOOOg==",
        "dependencies": {
          "Microsoft.Extensions.Configuration": "10.0.0",
          "Microsoft.Extensions.Configuration.Abstractions": "10.0.0",
          "Microsoft.Extensions.Configuration.Binder": "10.0.0",
          "Microsoft.Extensions.DependencyInjection.Abstractions": "10.0.0",
          "Microsoft.Extensions.Logging": "10.0.0",
          "Microsoft.Extensions.Logging.Abstractions": "10.0.0",
          "Microsoft.Extensions.Options": "10.0.0",
          "Microsoft.Extensions.Options.ConfigurationExtensions": "10.0.0"
        }
      },
      "Microsoft.Extensions.Options": {
        "type": "Transitive",
        "resolved": "10.0.12",
        "contentHash": "TDYD33TSRpXKZWlmTXNlj5kCihxatmv2Ec1u6C+bMYLphCS7PoSLE9Pjd/nunDoE7yETk+LLKjVJX78HYtWjpA==",
        "dependencies": {
          "Microsoft.Extensions.DependencyInjection.Abstractions": "10.0.12",
          "Microsoft.Extensions.Primitives": "10.0.12"
        }
      },
      "Microsoft.Extensions.Options.ConfigurationExtensions": {
        "type": "Transitive",
        "resolved": "10.0.12",
        "contentHash": "rqpu4qj5WE9x1IHGXSIgHBKi7IUlQaHyp4aXCYIanG2OghlUMFZpZTgExaXwcvmLAJHsxKQWMPpc7D2WIbCVtA==",
        "dependencies": {
          "Microsoft.Extensions.Configuration.Abstractions": "10.0.12",
          "Microsoft.Extensions.Configuration.Binder": "10.0.12",
          "Microsoft.Extensions.DependencyInjection.Abstractions": "10.0.12",
          "Microsoft.Extensions.Options": "10.0.12",
          "Microsoft.Extensions.Primitives": "10.0.12"
        }
      },
      "Microsoft.Extensions.Primitives": {
        "type": "Transitive",
        "resolved": "10.0.12",
        "contentHash": "dYfCLR52UA+3DL7C4I/pvSaRPkNqxrUAQmbFL2u0zvYKKzqgrFCJl08Df+F1aYc8leu9JvpC9bsURUdpExcBXQ=="
      },
      "Microsoft.IdentityModel.Abstractions": {
        "type": "Transitive",
        "resolved": "8.22.0",
        "contentHash": "LU3V3owsu4vGpCg2kyL7SsQEuHwcoJ8FSNBqzLADzCf3/PcKUTcx5Plsd51DoTJMfK/WigXV/03UhaN5JXE6uQ=="
      },
      "Microsoft.IdentityModel.Logging": {
        "type": "Transitive",
        "resolved": "8.22.0",
        "contentHash": "G9Tl0yXSlr2pkXv4EpXjO16M4q6oo9N/od+gNyOusZ8yM8LZg1H3f/QOMFuOJiV6znzY5MkAREU97JRRnqpEQw==",
        "dependencies": {
          "Microsoft.IdentityModel.Abstractions": "8.22.0"
        }
      },
      "Microsoft.IdentityModel.Tokens": {
        "type": "Transitive",
        "resolved": "8.22.0",
        "contentHash": "i4lywKKUuVmheCUA+w/q8QNPReNI0qanHI9hhz48AFqD1ljyb8sxPL2RbXOGiPV13XdJ4kxieL9ukS7tD43LxA==",
        "dependencies": {
          "Microsoft.Bcl.Cryptography": "10.0.2",
          "Microsoft.Extensions.Logging.Abstractions": "8.0.0",
          "Microsoft.IdentityModel.Logging": "8.22.0"
        }
      },
      "MimeKit": {
        "type": "Transitive",
        "resolved": "4.17.0",
        "contentHash": "h/KXsCreJf8RpR/PSAtlbvYtZFndp9N8Wn1Bs248AL7ITyhn+AiIY5bLTvt60tbN2mu6g8KadtBNWygTji2lqg==",
        "dependencies": {
          "BouncyCastle.Cryptography": "2.6.2",
          "System.Security.Cryptography.Pkcs": "10.0.0"
        }
      },
      "Npgsql": {
        "type": "Transitive",
        "resolved": "10.0.3",
        "contentHash": "7nb5YzXuvWWJxB0J8DiyL3we+X4FOctZrt0fIBnucOIaIevFEEwGQVZKtiu9olXdlNAK1eNgqSral6r/jlhI4w==",
        "dependencies": {
          "Microsoft.Extensions.Logging.Abstractions": "10.0.0"
        }
      },
      "OpenAI": {
        "type": "Transitive",
        "resolved": "2.13.0",
        "contentHash": "fKgWod3UNE+wPkJuLCiWC7FKh3YSEIHa6QK9gKxCVZ4UYsV9+Gwzg4cEDnvVaIiwc00RTwEuhiOn1Rbk4nLjtw==",
        "dependencies": {
          "System.ClientModel": "1.14.0"
        }
      },
      "ReactiveUI.Disposables": {
        "type": "Transitive",
        "resolved": "7.1.1",
        "contentHash": "bOTtTEY5F4DqDZGITklbMdfO1qWw8MCSiHHastJCN1yIQJImjKwyrbGobfSbBm05QN5yVtklaJxMPf7PTbF1Fg=="
      },
      "ReactiveUI.Primitives": {
        "type": "Transitive",
        "resolved": "7.1.1",
        "contentHash": "tRSFVUSFdmoH3NIXHLFQwNcxKj5x2SNWGmlGgbAbfCF3SK/yBb4cQcqJaq8CIda+wuOV+fnZAVhKMn18lHTGWA==",
        "dependencies": {
          "ReactiveUI.Disposables": "7.1.1",
          "ReactiveUI.Primitives.Core": "7.1.1"
        }
      },
      "ReactiveUI.Primitives.Core": {
        "type": "Transitive",
        "resolved": "7.1.1",
        "contentHash": "cM4eIYInI4gF39VRaErpN2vfuEAWQTehRYn5MqJvlVGoAJGuUcdtlr4TwyNTOJb5j8Vcs6rfVPoHgp87QbpW8A==",
        "dependencies": {
          "ReactiveUI.Disposables": "7.1.1"
        }
      },
      "Sentry": {
        "type": "Transitive",
        "resolved": "6.11.0",
        "contentHash": "TsT5Gj77PTh3lHQGS+8dLxucTmiZEfLxkqRygIHwYQXRXmMC4fFDbf1AoQe8LXOOFDYhPM2SNf8TTfexvkP0nQ=="
      },
      "Sentry.Extensions.Logging": {
        "type": "Transitive",
        "resolved": "6.11.0",
        "contentHash": "ztK8OQVUoyb5SX49jFfBu4A/67VneE6w4gKqiUycYDCNPrtJo4pz5Ho5eow5sfe+1Sm8sMQqpu+Lvykfh4HqMg==",
        "dependencies": {
          "Microsoft.Extensions.Configuration.Binder": "10.0.0",
          "Microsoft.Extensions.Http": "10.0.0",
          "Microsoft.Extensions.Logging.Configuration": "10.0.0",
          "Sentry": "6.11.0"
        }
      },
      "Serilog": {
        "type": "Transitive",
        "resolved": "4.3.0",
        "contentHash": "+cDryFR0GRhsGOnZSKwaDzRRl4MupvJ42FhCE4zhQRVanX0Jpg6WuCBk59OVhVDPmab1bB+nRykAnykYELA9qQ=="
      },
      "Serilog.Extensions.Hosting": {
        "type": "Transitive",
        "resolved": "10.0.0",
        "contentHash": "E7juuIc+gzoGxgzFooFgAV8g9BfiSXNKsUok9NmEpyAXg2odkcPsMa/Yo4axkJRlh0se7mkYQ1GXDaBemR+b6w==",
        "dependencies": {
          "Microsoft.Extensions.DependencyInjection.Abstractions": "10.0.0",
          "Microsoft.Extensions.Hosting.Abstractions": "10.0.0",
          "Microsoft.Extensions.Logging.Abstractions": "10.0.0",
          "Serilog": "4.3.0",
          "Serilog.Extensions.Logging": "10.0.0"
        }
      },
      "Serilog.Extensions.Logging": {
        "type": "Transitive",
        "resolved": "10.0.0",
        "contentHash": "vx0kABKl2dWbBhhqAfTOk53/i8aV/5VaT3a6il9gn72Wqs2pM7EK2OB6No6xdqK2IaY6Zf9gdjLuK9BVa2rT+Q==",
        "dependencies": {
          "Microsoft.Extensions.Logging": "10.0.0",
          "Serilog": "4.2.0"
        }
      },
      "Serilog.Formatting.Compact": {
        "type": "Transitive",
        "resolved": "3.0.0",
        "contentHash": "wQsv14w9cqlfB5FX2MZpNsTawckN4a8dryuNGbebB/3Nh1pXnROHZov3swtu3Nj5oNG7Ba+xdu7Et/ulAUPanQ==",
        "dependencies": {
          "Serilog": "4.0.0"
        }
      },
      "Serilog.Settings.Configuration": {
        "type": "Transitive",
        "resolved": "10.0.0",
        "contentHash": "LNq+ibS1sbhTqPV1FIE69/9AJJbfaOhnaqkzcjFy95o+4U+STsta9mi97f1smgXsWYKICDeGUf8xUGzd/52/uA==",
        "dependencies": {
          "Microsoft.Extensions.Configuration.Binder": "10.0.0",
          "Microsoft.Extensions.DependencyModel": "10.0.0",
          "Serilog": "4.3.0"
        }
      },
      "Serilog.Sinks.Debug": {
        "type": "Transitive",
        "resolved": "3.0.0",
        "contentHash": "4BzXcdrgRX7wde9PmHuYd9U6YqycCC28hhpKonK7hx0wb19eiuRj16fPcPSVp0o/Y1ipJuNLYQ00R3q2Zs8FDA==",
        "dependencies": {
          "Serilog": "4.0.0"
        }
      },
      "System.ClientModel": {
        "type": "Transitive",
        "resolved": "1.14.0",
        "contentHash": "yhIJHDW3Hh5kcvhHv3ww1T8qvya06Nlwo/SR/rke4/fHXtyKiqQV/9b/VDhnVI7QUcMnpfvh4pIEFhNsTDLeKQ==",
        "dependencies": {
          "Microsoft.Extensions.Configuration.Abstractions": "10.0.3",
          "Microsoft.Extensions.Hosting.Abstractions": "10.0.3",
          "Microsoft.Extensions.Logging.Abstractions": "10.0.3",
          "System.Memory.Data": "10.0.3"
        }
      },
      "System.Memory.Data": {
        "type": "Transitive",
        "resolved": "10.0.3",
        "contentHash": "MaGhRfGunmrj/nHjtsi9XkhlYJ/ERGWrbA+BiSKNtGnAjc9XlG5EhAvak6VRcX5LYzPF6pBO8nJ613dTgzabig=="
      },
      "System.Numerics.Tensors": {
        "type": "Transitive",
        "resolved": "10.0.12",
        "contentHash": "17brFrnQHV/XMMazXNqFq4GkvzWy8yzDPo5Gb8TT8zJtMFbUqDycOCyPCp9F+eMc4L75kcCKRZqaeBHMwLCL9Q=="
      },
      "System.Security.Cryptography.Pkcs": {
        "type": "Transitive",
        "resolved": "10.0.12",
        "contentHash": "W6BsawU2tB2qy6u4+3cBOSOmiTUgYWW365b5WMVA1bDxQwZZeNWD+qufKJkDQNKzAKq4b6Q04DDKhmr2SNJ1eg=="
      },
      "System.Security.Cryptography.Xml": {
        "type": "Transitive",
        "resolved": "10.0.12",
        "contentHash": "T3snzcc04R1JDj2XmzrLyk5fHT0YroBz5o2P+YdyJKYePSMqp8JsrxEJQPvUnK6oozQBvKLki9vnI7uMuWepKQ==",
        "dependencies": {
          "System.Security.Cryptography.Pkcs": "10.0.12"
        }
      },
      "boardgametracker.common": {
        "type": "Project",
        "dependencies": {
          "Ardalis.GuardClauses": "[5.0.0, )",
          "BoardGamer.BoardGameGeek": "[0.10.0, )",
          "Microsoft.EntityFrameworkCore": "[10.0.12, )",
          "Microsoft.Extensions.Identity.Stores": "[10.0.12, )",
          "Pgvector": "[0.3.2, )",
          "Sentry.AspNetCore": "[6.11.0, )",
          "Serilog.AspNetCore": "[10.0.0, )",
          "Serilog.Sinks.Console": "[6.1.1, )"
        }
      },
      "boardgametracker.core": {
        "type": "Project",
        "dependencies": {
          "Ardalis.Specification": "[9.3.1, )",
          "Ardalis.Specification.EntityFrameworkCore": "[9.3.1, )",
          "BoardGameTracker.Common": "[0.0.1, )",
          "BoardGamer.BoardGameGeek": "[0.10.0, )",
          "MailKit": "[4.17.0, )",
          "Microsoft.AspNetCore.DataProtection.EntityFrameworkCore": "[10.0.12, )",
          "Microsoft.AspNetCore.Identity.EntityFrameworkCore": "[10.0.12, )",
          "Microsoft.EntityFrameworkCore": "[10.0.12, )",
          "Microsoft.Extensions.AI": "[10.10.0, )",
          "Microsoft.Extensions.AI.OpenAI": "[10.10.0, )",
          "Microsoft.IdentityModel.JsonWebTokens": "[8.22.0, )",
          "Npgsql.EntityFrameworkCore.PostgreSQL": "[10.0.3, )",
          "OllamaSharp": "[5.4.30, )",
          "PdfPig": "[0.1.16, )",
          "Pgvector.EntityFrameworkCore": "[0.3.0, )",
          "Refit": "[15.2.0, )",
          "SixLabors.ImageSharp": "[3.1.12, )"
        }
      },
      "Ardalis.GuardClauses": {
        "type": "CentralTransitive",
        "requested": "[5.0.0, )",
        "resolved": "5.0.0",
        "contentHash": "jVPRvLw0xIUFto2cMrKgRYADWIHbEEfzZHGiU/swwNgl1zo28Q1zfSa3VUC3C0s9DyhFDPSaF4dEDQRyTZUcyQ=="
      },
      "Ardalis.Specification": {
        "type": "CentralTransitive",
        "requested": "[9.3.1, )",
        "resolved": "9.3.1",
        "contentHash": "GWrE6BA0smWFLbN+XPU2l5rDF9Uzelfbb3w35jJ0CGIat+p1ChbtLcbkvYRMEculBHOAo12omwAAOm3VFWkoJQ=="
      },
      "Ardalis.Specification.EntityFrameworkCore": {
        "type": "CentralTransitive",
        "requested": "[9.3.1, )",
        "resolved": "9.3.1",
        "contentHash": "QbOo4E6HWdKXZ9QUrqcgiGN4EKtzt0kzGzqr2zc32q5QESzBrceJ3GX1ymWVdCCOzJO1+GPm+/a/5ovSkfrLoQ==",
        "dependencies": {
          "Ardalis.Specification": "9.3.1",
          "Microsoft.EntityFrameworkCore": "9.0.8",
          "Microsoft.EntityFrameworkCore.Relational": "9.0.8"
        }
      },
      "BoardGamer.BoardGameGeek": {
        "type": "CentralTransitive",
        "requested": "[0.10.0, )",
        "resolved": "0.10.0",
        "contentHash": "wtOlK0mPyllIBXcM0kmIkKybTT1FTSgmUIeWvKwYPAbLrQXa9DhKEFqISE3kXotczJbvKop7r8JkK/bq8+PNvQ=="
      },
      "MailKit": {
        "type": "CentralTransitive",
        "requested": "[4.17.0, )",
        "resolved": "4.17.0",
        "contentHash": "1nUAVLxM9fhT/78we6/AGsCesnpn5dRNLLeRqOfr52Wnk87pzVwo5YMTMyqnmoXrYc7piGhmayiMA/OgDluIjg==",
        "dependencies": {
          "MimeKit": "4.17.0"
        }
      },
      "Microsoft.AspNetCore.DataProtection.EntityFrameworkCore": {
        "type": "CentralTransitive",
        "requested": "[10.0.12, )",
        "resolved": "10.0.12",
        "contentHash": "oV5g+PWxCFI3liFQcRNNEhYeS8Jz9+rcjREPDRK8kk0a1q+sf8UUlyFwGCBbxWoNVPpenljm8WEUVCH10k71Bw==",
        "dependencies": {
          "Microsoft.AspNetCore.DataProtection": "10.0.12",
          "Microsoft.EntityFrameworkCore": "10.0.12"
        }
      },
      "Microsoft.AspNetCore.Identity.EntityFrameworkCore": {
        "type": "CentralTransitive",
        "requested": "[10.0.12, )",
        "resolved": "10.0.12",
        "contentHash": "7W/9vKC65y41W6JXwC6WSU++D43wY/ANhrm7tJdbm2lrbzNkYClja6uL3Cg69y+PJ1Q4nARb3eWs9PNMWCdYxQ==",
        "dependencies": {
          "Microsoft.EntityFrameworkCore.Relational": "10.0.12",
          "Microsoft.Extensions.Identity.Stores": "10.0.12"
        }
      },
      "Microsoft.EntityFrameworkCore": {
        "type": "CentralTransitive",
        "requested": "[10.0.12, )",
        "resolved": "10.0.12",
        "contentHash": "e7OrVN8U5yr4kuwdTHWBHGVQIVsGfMkAr0Ej1/BnrS989Q0XBVANpIzNZ2bc1GvMZ0/XwMt5InTnmKskxGy99Q==",
        "dependencies": {
          "Microsoft.EntityFrameworkCore.Abstractions": "10.0.12",
          "Microsoft.EntityFrameworkCore.Analyzers": "10.0.12",
          "Microsoft.Extensions.Caching.Memory": "10.0.12",
          "Microsoft.Extensions.Logging": "10.0.12"
        }
      },
      "Microsoft.Extensions.AI": {
        "type": "CentralTransitive",
        "requested": "[10.10.0, )",
        "resolved": "10.10.0",
        "contentHash": "XKvtDUD3KySkvA5UpS+UF67M5rcqiXjAQchTZZ26WnavVKXxwlUTVdK/Ju0tc/25+16AVUdNl8cnVVGX/tx03A==",
        "dependencies": {
          "Microsoft.Extensions.AI.Abstractions": "10.10.0",
          "Microsoft.Extensions.Caching.Abstractions": "10.0.12",
          "Microsoft.Extensions.DependencyInjection.Abstractions": "10.0.12",
          "Microsoft.Extensions.Logging.Abstractions": "10.0.12",
          "System.Numerics.Tensors": "10.0.12"
        }
      },
      "Microsoft.Extensions.AI.OpenAI": {
        "type": "CentralTransitive",
        "requested": "[10.10.0, )",
        "resolved": "10.10.0",
        "contentHash": "Z5uwqIJ0tGp50P+ark1/qb7wFa6inIRKvaR3L9Frtf7M9uGIil/cz4k9S7va8HMrXzE/xjIJqd6A9cJ7WlMpgg==",
        "dependencies": {
          "Microsoft.Extensions.AI.Abstractions": "10.10.0",
          "OpenAI": "2.13.0"
        }
      },
      "Microsoft.Extensions.Identity.Stores": {
        "type": "CentralTransitive",
        "requested": "[10.0.12, )",
        "resolved": "10.0.12",
        "contentHash": "HhUHz5hKvkBlhr/TKvUw/mSpZiR+kv/GSrnJHb0v7wMCKXweMwO5HvdF6agqNBIGr2FxqaGDJRBEvFrw6ZMbdQ==",
        "dependencies": {
          "Microsoft.Extensions.Caching.Abstractions": "10.0.12",
          "Microsoft.Extensions.Identity.Core": "10.0.12",
          "Microsoft.Extensions.Logging": "10.0.12"
        }
      },
      "Microsoft.IdentityModel.JsonWebTokens": {
        "type": "CentralTransitive",
        "requested": "[8.22.0, )",
        "resolved": "8.22.0",
        "contentHash": "kv6peMLjALZLDAy2H3F77KjVRdwiscn2p/g3ui2chcbuEcAX2MpAbyDcYnJ7Vyh8jZ1aJWrniUMCDWoOgnu4NQ==",
        "dependencies": {
          "Microsoft.IdentityModel.Tokens": "8.22.0"
        }
      },
      "Npgsql.EntityFrameworkCore.PostgreSQL": {
        "type": "CentralTransitive",
        "requested": "[10.0.3, )",
        "resolved": "10.0.3",
        "contentHash": "IPGrrZnRkuW7OlHDhUESZz4G5DLkW7Nej/O3Cx+0iTsgyU5XJxBgpsvTHLloo3WWuAKKbDHXBvWPVkX1deRh1Q==",
        "dependencies": {
          "Microsoft.EntityFrameworkCore": "[10.0.4, 11.0.0)",
          "Microsoft.EntityFrameworkCore.Relational": "[10.0.4, 11.0.0)",
          "Npgsql": "10.0.3"
        }
      },
      "OllamaSharp": {
        "type": "CentralTransitive",
        "requested": "[5.4.30, )",
        "resolved": "5.4.30",
        "contentHash": "r/dtO3cm/D+OCB1A3dPcA//YnC9Cak3SSSK1dxfvG9RbEKjMezf3l04Ag1j8tiDul/oGn9nb8+fIwlrg0KOkww==",
        "dependencies": {
          "Microsoft.Extensions.AI": "10.8.0",
          "Microsoft.Extensions.AI.Abstractions": "10.8.0"
        }
      },
      "PdfPig": {
        "type": "CentralTransitive",
        "requested": "[0.1.16, )",
        "resolved": "0.1.16",
        "contentHash": "qQcbsNMYVY+K5ELptax2S8thNMk0+rSQq3H/KdYj3LLcko8yTCz8y5KIvsKxIyAuTN0ZYNnfsZkM+0EvxTwHVA=="
      },
      "Pgvector": {
        "type": "CentralTransitive",
        "requested": "[0.3.2, )",
        "resolved": "0.3.2",
        "contentHash": "n7M5LuNejHUmtWky3zCbNO+tP1Gnjiuv9Qtu4LyvB1602dD8RiBxxCQp9jEjM0ZFDxAZF1oOWkNIkXw46KT00Q==",
        "dependencies": {
          "Npgsql": "8.0.5"
        }
      },
      "Pgvector.EntityFrameworkCore": {
        "type": "CentralTransitive",
        "requested": "[0.3.0, )",
        "resolved": "0.3.0",
        "contentHash": "HVMcglKLOg979w67k8DOvKO+xJvfBHv/GcAgv/fI8alK8zp9oIYJUYP9BSV6n6+3GwkfynAJ77euwow4/c7HoA==",
        "dependencies": {
          "Npgsql.EntityFrameworkCore.PostgreSQL": "9.0.1",
          "Pgvector": "0.3.2"
        }
      },
      "Refit": {
        "type": "CentralTransitive",
        "requested": "[15.2.0, )",
        "resolved": "15.2.0",
        "contentHash": "vJLEoFLzeCuAwnlTeKEwz218WR24W0cwMox3rV1bRlh/95SqtYMC6l3g/QPZ8ujBWmIbUD6Xko7alVia2mxNnA==",
        "dependencies": {
          "ReactiveUI.Primitives": "7.1.1"
        }
      },
      "Sentry.AspNetCore": {
        "type": "CentralTransitive",
        "requested": "[6.11.0, )",
        "resolved": "6.11.0",
        "contentHash": "4yYpmdroeis+bibI0YEj+DhA6Q00v6GhQ1Tl8S6KdxVrqAWlvwjsVt8hloeiJCUqe9vGQop/A2zbcNxE9aCQmw==",
        "dependencies": {
          "Sentry.Extensions.Logging": "6.11.0"
        }
      },
      "Serilog.AspNetCore": {
        "type": "CentralTransitive",
        "requested": "[10.0.0, )",
        "resolved": "10.0.0",
        "contentHash": "a/cNa1mY4On1oJlfGG1wAvxjp5g7OEzk/Jf/nm7NF9cWoE7KlZw1GldrifUBWm9oKibHkR7Lg/l5jy3y7ACR8w==",
        "dependencies": {
          "Serilog": "4.3.0",
          "Serilog.Extensions.Hosting": "10.0.0",
          "Serilog.Formatting.Compact": "3.0.0",
          "Serilog.Settings.Configuration": "10.0.0",
          "Serilog.Sinks.Console": "6.1.1",
          "Serilog.Sinks.Debug": "3.0.0",
          "Serilog.Sinks.File": "7.0.0"
        }
      },
      "Serilog.Sinks.Console": {
        "type": "CentralTransitive",
        "requested": "[6.1.1, )",
        "resolved": "6.1.1",
        "contentHash": "8jbqgjUyZlfCuSTaJk6lOca465OndqOz3KZP6Cryt/IqZYybyBu7GP0fE/AXBzrrQB3EBmQntBFAvMVz1COvAA==",
        "dependencies": {
          "Serilog": "4.0.0"
        }
      },
      "Serilog.Sinks.File": {
        "type": "CentralTransitive",
        "requested": "[7.0.0, )",
        "resolved": "7.0.0",
        "contentHash": "fKL7mXv7qaiNBUC71ssvn/dU0k9t0o45+qm2XgKAlSt19xF+ijjxyA3R6HmCgfKEKwfcfkwWjayuQtRueZFkYw==",
        "dependencies": {
          "Serilog": "4.2.0"
        }
      },
      "SixLabors.ImageSharp": {
        "type": "CentralTransitive",
        "requested": "[3.1.12, )",
        "resolved": "3.1.12",
        "contentHash": "iAg6zifihXEFS/t7fiHhZBGAdCp3FavsF4i2ZIDp0JfeYeDVzvmlbY1CNhhIKimaIzrzSi5M/NBFcWvZT2rB/A=="
      }
    }
  }
}